
Microsoft Visual Studio Solution File, Format Version 12.00
# Visual Studio Version 17
VisualStudioVersion = 17.2.32519.379
MinimumVisualStudioVersion = 10.0.40219.1
Project("{FAE04EC0-301F-11D3-BF4B-00C04F79EFBC}") = "Hackathon_Metropole", "Hackathon_Metropole\Hackathon_Metropole.csproj", "{C84B5441-663F-40A5-852F-003A42FD6E15}"
EndProject
Project("{FAE04EC0-301F-11D3-BF4B-00C04F79EFBC}") = "API.Siret", "API.Siret\API.Siret.csproj", "{6B4D2BAF-BEC1-4224-99B4-9631E3B7AA55}"
EndProject
Project("{FAE04EC0-301F-11D3-BF4B-00C04F79EFBC}") = "Database", "Database\Database.csproj", "{73350598-1BBD-4F07-9986-141F608D33BB}"
EndProject
Project("{FAE04EC0-301F-11D3-BF4B-00C04F79EFBC}") = "HMetropole.Server", "Web\HMetropole\Server\HMetropole.Server.csproj", "{8D872B40-ED87-4E28-8BDD-958BC6D52E8A}"
EndProject
Project("{FAE04EC0-301F-11D3-BF4B-00C04F79EFBC}") = "HMetropole.Client", "Web\HMetropole\Client\HMetropole.Client.csproj", "{ADAEC0D6-F17E-4E8C-A5AC-360BD85E3523}"
EndProject
Project("{FAE04EC0-301F-11D3-BF4B-00C04F79EFBC}") = "HMetropole.Shared", "Web\HMetropole\Shared\HMetropole.Shared.csproj", "{846A5F86-D10D-4A1B-948B-CB709B261433}"
EndProject
Global
	GlobalSection(SolutionConfigurationPlatforms) = preSolution
		Debug|Any CPU = Debug|Any CPU
		Release|Any CPU = Release|Any CPU
	EndGlobalSection
	GlobalSection(ProjectConfigurationPlatforms) = postSolution
		{C84B5441-663F-40A5-852F-003A42FD6E15}.Debug|Any CPU.ActiveCfg = Debug|Any CPU
		{C84B5441-663F-40A5-852F-003A42FD6E15}.Debug|Any CPU.Build.0 = Debug|Any CPU
		{C84B5441-663F-40A5-852F-003A42FD6E15}.Release|Any CPU.ActiveCfg = Release|Any CPU
		{C84B5441-663F-40A5-852F-003A42FD6E15}.Release|Any CPU.Build.0 = Release|Any CPU
		{6B4D2BAF-BEC1-4224-99B4-9631E3B7AA55}.Debug|Any CPU.ActiveCfg = Debug|Any CPU
		{6B4D2BAF-BEC1-4224-99B4-9631E3B7AA55}.Debug|Any CPU.Build.0 = Debug|Any CPU
		{6B4D2BAF-BEC1-4224-99B4-9631E3B7AA55}.Release|Any CPU.ActiveCfg = Release|Any CPU
		{6B4D2BAF-BEC1-4224-99B4-9631E3B7AA55}.Release|Any CPU.Build.0 = Release|Any CPU
		{73350598-1BBD-4F07-9986-141F608D33BB}.Debug|Any CPU.ActiveCfg = Debug|Any CPU
		{73350598-1BBD-4F07-9986-141F608D33BB}.Debug|Any CPU.Build.0 = Debug|Any CPU
		{73350598-1BBD-4F07-9986-141F608D33BB}.Release|Any CPU.ActiveCfg = Release|Any CPU
		{73350598-1BBD-4F07-9986-141F608D33BB}.Release|Any CPU.Build.0 = Release|Any CPU
		{8D872B40-ED87-4E28-8BDD-958BC6D52E8A}.Debug|Any CPU.ActiveCfg = Debug|Any CPU
		{8D872B40-ED87-4E28-8BDD-958BC6D52E8A}.Debug|Any CPU.Build.0 = Debug|Any CPU
		{8D872B40-ED87-4E28-8BDD-958BC6D52E8A}.Release|Any CPU.ActiveCfg = Release|Any CPU
		{8D872B40-ED87-4E28-8BDD-958BC6D52E8A}.Release|Any CPU.Build.0 = Release|Any CPU
		{ADAEC0D6-F17E-4E8C-A5AC-360BD85E3523}.Debug|Any CPU.ActiveCfg = Debug|Any CPU
		{ADAEC0D6-F17E-4E8C-A5AC-360BD85E3523}.Debug|Any CPU.Build.0 = Debug|Any CPU
		{ADAEC0D6-F17E-4E8C-A5AC-360BD85E3523}.Release|Any CPU.ActiveCfg = Release|Any CPU
		{ADAEC0D6-F17E-4E8C-A5AC-360BD85E3523}.Release|Any CPU.Build.0 = Release|Any CPU
		{846A5F86-D10D-4A1B-948B-CB709B261433}.Debug|Any CPU.ActiveCfg = Debug|Any CPU
		{846A5F86-D10D-4A1B-948B-CB709B261433}.Debug|Any CPU.Build.0 = Debug|Any CPU
		{846A5F86-D10D-4A1B-948B-CB709B261433}.Release|Any CPU.ActiveCfg = Release|Any CPU
		{846A5F86-D10D-4A1B-948B-CB709B261433}.Release|Any CPU.Build.0 = Release|Any CPU
	EndGlobalSection
	GlobalSection(SolutionProperties) = preSolution
		HideSolutionNode = FALSE
	EndGlobalSection
	GlobalSection(ExtensibilityGlobals) = postSolution
		SolutionGuid = {FCC5897C-10E1-4601-A573-14A44DE9F210}
	EndGlobalSection
EndGlobal
